// !$*UTF8*$!
{
	archiveVersion = 1;
	classes = {
	};
	objectVersion = 55;
	objects = {

/* Begin PBXBuildFile section */
		190586E728643A300085DCF1 /* NumBallApp.swift in Sources */ = {isa = PBXBuildFile; fileRef = 190586E628643A300085DCF1 /* NumBallApp.swift */; };
		190586E928643A300085DCF1 /* ContentView.swift in Sources */ = {isa = PBXBuildFile; fileRef = 190586E828643A300085DCF1 /* ContentView.swift */; };
		190586EB28643A300085DCF1 /* Assets.xcassets in Resources */ = {isa = PBXBuildFile; fileRef = 190586EA28643A300085DCF1 /* Assets.xcassets */; };
		190586EE28643A300085DCF1 /* Preview Assets.xcassets in Resources */ = {isa = PBXBuildFile; fileRef = 190586ED28643A300085DCF1 /* Preview Assets.xcassets */; };
		190586F6286443E50085DCF1 /* SideMenuView.swift in Sources */ = {isa = PBXBuildFile; fileRef = 190586F5286443E50085DCF1 /* SideMenuView.swift */; };
		190586F8286445460085DCF1 /* SideMenuRowView.swift in Sources */ = {isa = PBXBuildFile; fileRef = 190586F7286445460085DCF1 /* SideMenuRowView.swift */; };
		190586FA28646DE00085DCF1 /* SettingView.swift in Sources */ = {isa = PBXBuildFile; fileRef = 190586F928646DE00085DCF1 /* SettingView.swift */; };
		190587002865715B0085DCF1 /* PlayView.swift in Sources */ = {isa = PBXBuildFile; fileRef = 190586FF2865715B0085DCF1 /* PlayView.swift */; };
		1905870528660C4C0085DCF1 /* NumberTextFieldViewModel.swift in Sources */ = {isa = PBXBuildFile; fileRef = 1905870428660C4C0085DCF1 /* NumberTextFieldViewModel.swift */; };
		1905870828660DDC0085DCF1 /* KeyPadButton.swift in Sources */ = {isa = PBXBuildFile; fileRef = 1905870728660DDC0085DCF1 /* KeyPadButton.swift */; };
		1905870A28660E2A0085DCF1 /* KeyPadRow.swift in Sources */ = {isa = PBXBuildFile; fileRef = 1905870928660E2A0085DCF1 /* KeyPadRow.swift */; };
		1905870C28660F0B0085DCF1 /* KeyPad.swift in Sources */ = {isa = PBXBuildFile; fileRef = 1905870B28660F0B0085DCF1 /* KeyPad.swift */; };
		1905870F286697760085DCF1 /* PlayListRow.swift in Sources */ = {isa = PBXBuildFile; fileRef = 1905870E286697760085DCF1 /* PlayListRow.swift */; };
		1956A64A288C2E31001F8BAB /* NumBall.xcdatamodeld in Sources */ = {isa = PBXBuildFile; fileRef = 1956A648288C2E31001F8BAB /* NumBall.xcdatamodeld */; };
/* End PBXBuildFile section */

/* Begin PBXFileReference section */
		190586E328643A300085DCF1 /* NumBall.app */ = {isa = PBXFileReference; explicitFileType = wrapper.application; includeInIndex = 0; path = NumBall.app; sourceTree = BUILT_PRODUCTS_DIR; };
		190586E628643A300085DCF1 /* NumBallApp.swift */ = {isa = PBXFileReference; lastKnownFileType = sourcecode.swift; path = NumBallApp.swift; sourceTree = "<group>"; };
		190586E828643A300085DCF1 /* ContentView.swift */ = {isa = PBXFileReference; lastKnownFileType = sourcecode.swift; path = ContentView.swift; sourceTree = "<group>"; };
		190586EA28643A300085DCF1 /* Assets.xcassets */ = {isa = PBXFileReference; lastKnownFileType = folder.assetcatalog; path = Assets.xcassets; sourceTree = "<group>"; };
		190586ED28643A300085DCF1 /* Preview Assets.xcassets */ = {isa = PBXFileReference; lastKnownFileType = folder.assetcatalog; path = "Preview Assets.xcassets"; sourceTree = "<group>"; };
		190586F5286443E50085DCF1 /* SideMenuView.swift */ = {isa = PBXFileReference; lastKnownFileType = sourcecode.swift; path = SideMenuView.swift; sourceTree = "<group>"; };
		190586F7286445460085DCF1 /* SideMenuRowView.swift */ = {isa = PBXFileReference; lastKnownFileType = sourcecode.swift; path = SideMenuRowView.swift; sourceTree = "<group>"; };
		190586F928646DE00085DCF1 /* SettingView.swift */ = {isa = PBXFileReference; lastKnownFileType = sourcecode.swift; path = SettingView.swift; sourceTree = "<group>"; };
		190586FE2864BE170085DCF1 /* Info.plist */ = {isa = PBXFileReference; lastKnownFileType = text.plist; path = Info.plist; sourceTree = "<group>"; };
		190586FF2865715B0085DCF1 /* PlayView.swift */ = {isa = PBXFileReference; lastKnownFileType = sourcecode.swift; path = PlayView.swift; sourceTree = "<group>"; };
		1905870428660C4C0085DCF1 /* NumberTextFieldViewModel.swift */ = {isa = PBXFileReference; lastKnownFileType = sourcecode.swift; path = NumberTextFieldViewModel.swift; sourceTree = "<group>"; };
		1905870728660DDC0085DCF1 /* KeyPadButton.swift */ = {isa = PBXFileReference; lastKnownFileType = sourcecode.swift; path = KeyPadButton.swift; sourceTree = "<group>"; };
		1905870928660E2A0085DCF1 /* KeyPadRow.swift */ = {isa = PBXFileReference; lastKnownFileType = sourcecode.swift; path = KeyPadRow.swift; sourceTree = "<group>"; };
		1905870B28660F0B0085DCF1 /* KeyPad.swift */ = {isa = PBXFileReference; lastKnownFileType = sourcecode.swift; path = KeyPad.swift; sourceTree = "<group>"; };
		1905870E286697760085DCF1 /* PlayListRow.swift */ = {isa = PBXFileReference; lastKnownFileType = sourcecode.swift; path = PlayListRow.swift; sourceTree = "<group>"; };
		1956A649288C2E31001F8BAB /* NumBall.xcdatamodel */ = {isa = PBXFileReference; lastKnownFileType = wrapper.xcdatamodel; path = NumBall.xcdatamodel; sourceTree = "<group>"; };
/* End PBXFileReference section */

/* Begin PBXFrameworksBuildPhase section */
		190586E028643A300085DCF1 /* Frameworks */ = {
			isa = PBXFrameworksBuildPhase;
			buildActionMask = 2147483647;
			files = (
			);
			runOnlyForDeploymentPostprocessing = 0;
		};
/* End PBXFrameworksBuildPhase section */

/* Begin PBXGroup section */
		190586DA28643A300085DCF1 = {
			isa = PBXGroup;
			children = (
				190586E528643A300085DCF1 /* NumBall */,
				190586E428643A300085DCF1 /* Products */,
			);
			sourceTree = "<group>";
		};
		190586E428643A300085DCF1 /* Products */ = {
			isa = PBXGroup;
			children = (
				190586E328643A300085DCF1 /* NumBall.app */,
			);
			name = Products;
			sourceTree = "<group>";
		};
		190586E528643A300085DCF1 /* NumBall */ = {
			isa = PBXGroup;
			children = (
				190586FE2864BE170085DCF1 /* Info.plist */,
				1956A648288C2E31001F8BAB /* NumBall.xcdatamodeld */,
				190586E628643A300085DCF1 /* NumBallApp.swift */,
				190586F428643A3D0085DCF1 /* View */,
				190586FB2864713E0085DCF1 /* ViewModel */,
				190586EA28643A300085DCF1 /* Assets.xcassets */,
				190586EC28643A300085DCF1 /* Preview Content */,
			);
			path = NumBall;
			sourceTree = "<group>";
		};
		190586EC28643A300085DCF1 /* Preview Content */ = {
			isa = PBXGroup;
			children = (
				190586ED28643A300085DCF1 /* Preview Assets.xcassets */,
			);
			path = "Preview Content";
			sourceTree = "<group>";
		};
		190586F428643A3D0085DCF1 /* View */ = {
			isa = PBXGroup;
			children = (
				190586E828643A300085DCF1 /* ContentView.swift */,
				1905870D286697640085DCF1 /* PlayView */,
				1905870628660DCA0085DCF1 /* KeyPad */,
				19058701286573070085DCF1 /* SideMenu */,
			);
			path = View;
			sourceTree = "<group>";
		};
		190586FB2864713E0085DCF1 /* ViewModel */ = {
			isa = PBXGroup;
			children = (
				1905870428660C4C0085DCF1 /* NumberTextFieldViewModel.swift */,
			);
			path = ViewModel;
			sourceTree = "<group>";
		};
		19058701286573070085DCF1 /* SideMenu */ = {
			isa = PBXGroup;
			children = (
				190586F928646DE00085DCF1 /* SettingView.swift */,
				190586F5286443E50085DCF1 /* SideMenuView.swift */,
				190586F7286445460085DCF1 /* SideMenuRowView.swift */,
			);
			path = SideMenu;
			sourceTree = "<group>";
		};
		1905870628660DCA0085DCF1 /* KeyPad */ = {
			isa = PBXGroup;
			children = (
				1905870728660DDC0085DCF1 /* KeyPadButton.swift */,
				1905870928660E2A0085DCF1 /* KeyPadRow.swift */,
				1905870B28660F0B0085DCF1 /* KeyPad.swift */,
			);
			path = KeyPad;
			sourceTree = "<group>";
		};
		1905870D286697640085DCF1 /* PlayView */ = {
			isa = PBXGroup;
			children = (
				190586FF2865715B0085DCF1 /* PlayView.swift */,
				1905870E286697760085DCF1 /* PlayListRow.swift */,
			);
			path = PlayView;
			sourceTree = "<group>";
		};
/* End PBXGroup section */

/* Begin PBXNativeTarget section */
		190586E228643A300085DCF1 /* NumBall */ = {
			isa = PBXNativeTarget;
			buildConfigurationList = 190586F128643A300085DCF1 /* Build configuration list for PBXNativeTarget "NumBall" */;
			buildPhases = (
				190586DF28643A300085DCF1 /* Sources */,
				190586E028643A300085DCF1 /* Frameworks */,
				190586E128643A300085DCF1 /* Resources */,
			);
			buildRules = (
			);
			dependencies = (
			);
			name = NumBall;
			productName = NumBall;
			productReference = 190586E328643A300085DCF1 /* NumBall.app */;
			productType = "com.apple.product-type.application";
		};
/* End PBXNativeTarget section */

/* Begin PBXProject section */
		190586DB28643A300085DCF1 /* Project object */ = {
			isa = PBXProject;
			attributes = {
				BuildIndependentTargetsInParallel = 1;
				LastSwiftUpdateCheck = 1340;
				LastUpgradeCheck = 1340;
				TargetAttributes = {
					190586E228643A300085DCF1 = {
						CreatedOnToolsVersion = 13.4;
					};
				};
			};
			buildConfigurationList = 190586DE28643A300085DCF1 /* Build configuration list for PBXProject "NumBall" */;
			compatibilityVersion = "Xcode 13.0";
			developmentRegion = en;
			hasScannedForEncodings = 0;
			knownRegions = (
				en,
				Base,
			);
			mainGroup = 190586DA28643A300085DCF1;
			productRefGroup = 190586E428643A300085DCF1 /* Products */;
			projectDirPath = "";
			projectRoot = "";
			targets = (
				190586E228643A300085DCF1 /* NumBall */,
			);
		};
/* End PBXProject section */

/* Begin PBXResourcesBuildPhase section */
		190586E128643A300085DCF1 /* Resources */ = {
			isa = PBXResourcesBuildPhase;
			buildActionMask = 2147483647;
			files = (
				190586EE28643A300085DCF1 /* Preview Assets.xcassets in Resources */,
				190586EB28643A300085DCF1 /* Assets.xcassets in Resources */,
			);
			runOnlyForDeploymentPostprocessing = 0;
		};
/* End PBXResourcesBuildPhase section */

/* Begin PBXSourcesBuildPhase section */
		190586DF28643A300085DCF1 /* Sources */ = {
			isa = PBXSourcesBuildPhase;
			buildActionMask = 2147483647;
			files = (
				190587002865715B0085DCF1 /* PlayView.swift in Sources */,
				1905870A28660E2A0085DCF1 /* KeyPadRow.swift in Sources */,
				190586F6286443E50085DCF1 /* SideMenuView.swift in Sources */,
				1905870528660C4C0085DCF1 /* NumberTextFieldViewModel.swift in Sources */,
				1905870F286697760085DCF1 /* PlayListRow.swift in Sources */,
				190586FA28646DE00085DCF1 /* SettingView.swift in Sources */,
				1905870C28660F0B0085DCF1 /* KeyPad.swift in Sources */,
				190586F8286445460085DCF1 /* SideMenuRowView.swift in Sources */,
				190586E928643A300085DCF1 /* ContentView.swift in Sources */,
				190586E728643A300085DCF1 /* NumBallApp.swift in Sources */,
				1905870828660DDC0085DCF1 /* KeyPadButton.swift in Sources */,
				1956A64A288C2E31001F8BAB /* NumBall.xcdatamodeld in Sources */,
			);
			runOnlyForDeploymentPostprocessing = 0;
		};
/* End PBXSourcesBuildPhase section */

/* Begin XCBuildConfiguration section */
		190586EF28643A300085DCF1 /* Debug */ = {
			isa = XCBuildConfiguration;
			buildSettings = {
				ALWAYS_SEARCH_USER_PATHS = NO;
				CLANG_ANALYZER_NONNULL = YES;
				CLANG_ANALYZER_NUMBER_OBJECT_CONVERSION = YES_AGGRESSIVE;
				CLANG_CXX_LANGUAGE_STANDARD = "gnu++17";
				CLANG_ENABLE_MODULES = YES;
				CLANG_ENABLE_OBJC_ARC = YES;
				CLANG_ENABLE_OBJC_WEAK = YES;
				CLANG_WARN_BLOCK_CAPTURE_AUTORELEASING = YES;
				CLANG_WARN_BOOL_CONVERSION = YES;
				CLANG_WARN_COMMA = YES;
				CLANG_WARN_CONSTANT_CONVERSION = YES;
				CLANG_WARN_DEPRECATED_OBJC_IMPLEMENTATIONS = YES;
				CLANG_WARN_DIRECT_OBJC_ISA_USAGE = YES_ERROR;
				CLANG_WARN_DOCUMENTATION_COMMENTS = YES;
				CLANG_WARN_EMPTY_BODY = YES;
				CLANG_WARN_ENUM_CONVERSION = YES;
				CLANG_WARN_INFINITE_RECURSION = YES;
				CLANG_WARN_INT_CONVERSION = YES;
				CLANG_WARN_NON_LITERAL_NULL_CONVERSION = YES;
				CLANG_WARN_OBJC_IMPLICIT_RETAIN_SELF = YES;
				CLANG_WARN_OBJC_LITERAL_CONVERSION = YES;
				CLANG_WARN_OBJC_ROOT_CLASS = YES_ERROR;
				CLANG_WARN_QUOTED_INCLUDE_IN_FRAMEWORK_HEADER = YES;
				CLANG_WARN_RANGE_LOOP_ANALYSIS = YES;
				CLANG_WARN_STRICT_PROTOTYPES = YES;
				CLANG_WARN_SUSPICIOUS_MOVE = YES;
				CLANG_WARN_UNGUARDED_AVAILABILITY = YES_AGGRESSIVE;
				CLANG_WARN_UNREACHABLE_CODE = YES;
				CLANG_WARN__DUPLICATE_METHOD_MATCH = YES;
				COPY_PHASE_STRIP = NO;
				DEBUG_INFORMATION_FORMAT = dwarf;
				ENABLE_STRICT_OBJC_MSGSEND = YES;
				ENABLE_TESTABILITY = YES;
				GCC_C_LANGUAGE_STANDARD = gnu11;
				GCC_DYNAMIC_NO_PIC = NO;
				GCC_NO_COMMON_BLOCKS = YES;
				GCC_OPTIMIZATION_LEVEL = 0;
				GCC_PREPROCESSOR_DEFINITIONS = (
					"DEBUG=1",
					"$(inherited)",
				);
				GCC_WARN_64_TO_32_BIT_CONVERSION = YES;
				GCC_WARN_ABOUT_RETURN_TYPE = YES_ERROR;
				GCC_WARN_UNDECLARED_SELECTOR = YES;
				GCC_WARN_UNINITIALIZED_AUTOS = YES_AGGRESSIVE;
				GCC_WARN_UNUSED_FUNCTION = YES;
				GCC_WARN_UNUSED_VARIABLE = YES;
				IPHONEOS_DEPLOYMENT_TARGET = 15.5;
				MTL_ENABLE_DEBUG_INFO = INCLUDE_SOURCE;
				MTL_FAST_MATH = YES;
				ONLY_ACTIVE_ARCH = YES;
				SDKROOT = iphoneos;
				SWIFT_ACTIVE_COMPILATION_CONDITIONS = DEBUG;
				SWIFT_OPTIMIZATION_LEVEL = "-Onone";
			};
			name = Debug;
		};
		190586F028643A300085DCF1 /* Release */ = {
			isa = XCBuildConfiguration;
			buildSettings = {
				ALWAYS_SEARCH_USER_PATHS = NO;
				CLANG_ANALYZER_NONNULL = YES;
				CLANG_ANALYZER_NUMBER_OBJECT_CONVERSION = YES_AGGRESSIVE;
				CLANG_CXX_LANGUAGE_STANDARD = "gnu++17";
				CLANG_ENABLE_MODULES = YES;
				CLANG_ENABLE_OBJC_ARC = YES;
				CLANG_ENABLE_OBJC_WEAK = YES;
				CLANG_WARN_BLOCK_CAPTURE_AUTORELEASING = YES;
				CLANG_WARN_BOOL_CONVERSION = YES;
				CLANG_WARN_COMMA = YES;
				CLANG_WARN_CONSTANT_CONVERSION = YES;
				CLANG_WARN_DEPRECATED_OBJC_IMPLEMENTATIONS = YES;
				CLANG_WARN_DIRECT_OBJC_ISA_USAGE = YES_ERROR;
				CLANG_WARN_DOCUMENTATION_COMMENTS = YES;
				CLANG_WARN_EMPTY_BODY = YES;
				CLANG_WARN_ENUM_CONVERSION = YES;
				CLANG_WARN_INFINITE_RECURSION = YES;
				CLANG_WARN_INT_CONVERSION = YES;
				CLANG_WARN_NON_LITERAL_NULL_CONVERSION = YES;
				CLANG_WARN_OBJC_IMPLICIT_RETAIN_SELF = YES;
				CLANG_WARN_OBJC_LITERAL_CONVERSION = YES;
				CLANG_WARN_OBJC_ROOT_CLASS = YES_ERROR;
				CLANG_WARN_QUOTED_INCLUDE_IN_FRAMEWORK_HEADER = YES;
				CLANG_WARN_RANGE_LOOP_ANALYSIS = YES;
				CLANG_WARN_STRICT_PROTOTYPES = YES;
				CLANG_WARN_SUSPICIOUS_MOVE = YES;
				CLANG_WARN_UNGUARDED_AVAILABILITY = YES_AGGRESSIVE;
				CLANG_WARN_UNREACHABLE_CODE = YES;
				CLANG_WARN__DUPLICATE_METHOD_MATCH = YES;
				COPY_PHASE_STRIP = NO;
				DEBUG_INFORMATION_FORMAT = "dwarf-with-dsym";
				ENABLE_NS_ASSERTIONS = NO;
				ENABLE_STRICT_OBJC_MSGSEND = YES;
				GCC_C_LANGUAGE_STANDARD = gnu11;
				GCC_NO_COMMON_BLOCKS = YES;
				GCC_WARN_64_TO_32_BIT_CONVERSION = YES;
				GCC_WARN_ABOUT_RETURN_TYPE = YES_ERROR;
				GCC_WARN_UNDECLARED_SELECTOR = YES;
				GCC_WARN_UNINITIALIZED_AUTOS = YES_AGGRESSIVE;
				GCC_WARN_UNUSED_FUNCTION = YES;
				GCC_WARN_UNUSED_VARIABLE = YES;
				IPHONEOS_DEPLOYMENT_TARGET = 15.5;
				MTL_ENABLE_DEBUG_INFO = NO;
				MTL_FAST_MATH = YES;
				SDKROOT = iphoneos;
				SWIFT_COMPILATION_MODE = wholemodule;
				SWIFT_OPTIMIZATION_LEVEL = "-O";
				VALIDATE_PRODUCT = YES;
			};
			name = Release;
		};
		190586F228643A300085DCF1 /* Debug */ = {
			isa = XCBuildConfiguration;
			buildSettings = {
				ASSETCATALOG_COMPILER_APPICON_NAME = AppIcon;
				ASSETCATALOG_COMPILER_GLOBAL_ACCENT_COLOR_NAME = AccentColor;
				CODE_SIGN_STYLE = Automatic;
				CURRENT_PROJECT_VERSION = 1;
				DEVELOPMENT_ASSET_PATHS = "\"NumBall/Preview Content\"";
				DEVELOPMENT_TEAM = R3CRSCKQ4W;
				ENABLE_PREVIEWS = YES;
				GENERATE_INFOPLIST_FILE = YES;
				INFOPLIST_FILE = NumBall/Info.plist;
				INFOPLIST_KEY_UIApplicationSceneManifest_Generation = YES;
				INFOPLIST_KEY_UIApplicationSupportsIndirectInputEvents = YES;
				INFOPLIST_KEY_UISupportedInterfaceOrientations = UIInterfaceOrientationPortrait;
				INFOPLIST_KEY_UISupportedInterfaceOrientations_iPad = "UIInterfaceOrientationPortrait UIInterfaceOrientationPortraitUpsideDown UIInterfaceOrientationLandscapeLeft UIInterfaceOrientationLandscapeRight";
				INFOPLIST_KEY_UISupportedInterfaceOrientations_iPhone = UIInterfaceOrientationPortrait;
				INFOPLIST_KEY_UIUserInterfaceStyle = Dark;
				LD_RUNPATH_SEARCH_PATHS = (
					"$(inherited)",
					"@executable_path/Frameworks",
				);
				MARKETING_VERSION = 1.0;
				PRODUCT_BUNDLE_IDENTIFIER = Seongbin.NumBall;
				PRODUCT_NAME = "$(TARGET_NAME)";
				SWIFT_EMIT_LOC_STRINGS = YES;
				SWIFT_VERSION = 5.0;
				TARGETED_DEVICE_FAMILY = "1,2";
			};
			name = Debug;
		};
		190586F328643A300085DCF1 /* Release */ = {
			isa = XCBuildConfiguration;
			buildSettings = {
				ASSETCATALOG_COMPILER_APPICON_NAME = AppIcon;
				ASSETCATALOG_COMPILER_GLOBAL_ACCENT_COLOR_NAME = AccentColor;
				CODE_SIGN_STYLE = Automatic;
				CURRENT_PROJECT_VERSION = 1;
				DEVELOPMENT_ASSET_PATHS = "\"NumBall/Preview Content\"";
				DEVELOPMENT_TEAM = R3CRSCKQ4W;
				ENABLE_PREVIEWS = YES;
				GENERATE_INFOPLIST_FILE = YES;
				INFOPLIST_FILE = NumBall/Info.plist;
				INFOPLIST_KEY_UIApplicationSceneManifest_Generation = YES;
				INFOPLIST_KEY_UIApplicationSupportsIndirectInputEvents = YES;
				INFOPLIST_KEY_UISupportedInterfaceOrientations = UIInterfaceOrientationPortrait;
				INFOPLIST_KEY_UISupportedInterfaceOrientations_iPad = "UIInterfaceOrientationPortrait UIInterfaceOrientationPortraitUpsideDown UIInterfaceOrientationLandscapeLeft UIInterfaceOrientationLandscapeRight";
				INFOPLIST_KEY_UISupportedInterfaceOrientations_iPhone = UIInterfaceOrientationPortrait;
				INFOPLIST_KEY_UIUserInterfaceStyle = Dark;
				LD_RUNPATH_SEARCH_PATHS = (
					"$(inherited)",
					"@executable_path/Frameworks",
				);
				MARKETING_VERSION = 1.0;
				PRODUCT_BUNDLE_IDENTIFIER = Seongbin.NumBall;
				PRODUCT_NAME = "$(TARGET_NAME)";
				SWIFT_EMIT_LOC_STRINGS = YES;
				SWIFT_VERSION = 5.0;
				TARGETED_DEVICE_FAMILY = "1,2";
			};
			name = Release;
		};
/* End XCBuildConfiguration section */

/* Begin XCConfigurationList section */
		190586DE28643A300085DCF1 /* Build configuration list for PBXProject "NumBall" */ = {
			isa = XCConfigurationList;
			buildConfigurations = (
				190586EF28643A300085DCF1 /* Debug */,
				190586F028643A300085DCF1 /* Release */,
			);
			defaultConfigurationIsVisible = 0;
			defaultConfigurationName = Release;
		};
		190586F128643A300085DCF1 /* Build configuration list for PBXNativeTarget "NumBall" */ = {
			isa = XCConfigurationList;
			buildConfigurations = (
				190586F228643A300085DCF1 /* Debug */,
				190586F328643A300085DCF1 /* Release */,
			);
			defaultConfigurationIsVisible = 0;
			defaultConfigurationName = Release;
		};
/* End XCConfigurationList section */

/* Begin XCVersionGroup section */
		1956A648288C2E31001F8BAB /* NumBall.xcdatamodeld */ = {
			isa = XCVersionGroup;
			children = (
				1956A649288C2E31001F8BAB /* NumBall.xcdatamodel */,
			);
			currentVersion = 1956A649288C2E31001F8BAB /* NumBall.xcdatamodel */;
			path = NumBall.xcdatamodeld;
			sourceTree = "<group>";
			versionGroupType = wrapper.xcdatamodel;
		};
/* End XCVersionGroup section */
	};
	rootObject = 190586DB28643A300085DCF1 /* Project object */;
}
